
Microsoft Visual Studio Solution File, Format Version 12.00
# Visual Studio Version 16
VisualStudioVersion = 16.0.31702.278
MinimumVisualStudioVersion = 10.0.40219.1
Project("{FAE04EC0-301F-11D3-BF4B-00C04F79EFBC}") = "RabbitMQ.Consumer", "RabbitMQ.Consumer\RabbitMQ.Consumer.csproj", "{DF1AD739-D8B1-495B-95A0-752838B54BDD}"
EndProject
Global
	GlobalSection(SolutionConfigurationPlatforms) = preSolution
		Debug|Any CPU = Debug|Any CPU
		Release|Any CPU = Release|Any CPU
	EndGlobalSection
	GlobalSection(ProjectConfigurationPlatforms) = postSolution
		{DF1AD739-D8B1-495B-95A0-752838B54BDD}.Debug|Any CPU.ActiveCfg = Debug|Any CPU
		{DF1AD739-D8B1-495B-95A0-752838B54BDD}.Debug|Any CPU.Build.0 = Debug|Any CPU
		{DF1AD739-D8B1-495B-95A0-752838B54BDD}.Release|Any CPU.ActiveCfg = Release|Any CPU
		{DF1AD739-D8B1-495B-95A0-752838B54BDD}.Release|Any CPU.Build.0 = Release|Any CPU
	EndGlobalSection
	GlobalSection(SolutionProperties) = preSolution
		HideSolutionNode = FALSE
	EndGlobalSection
	GlobalSection(ExtensibilityGlobals) = postSolution
		SolutionGuid = {35494F7B-6791-4D51-AD8A-28790DF6ED91}
	EndGlobalSection
EndGlobal
